{
    "_readme": [
        "This file locks the dependencies of your project to a known state",
        "Read more about it at https://getcomposer.org/doc/01-basic-usage.md#installing-dependencies",
        "This file is @generated automatically"
    ],
    "content-hash": "7ef259fcac8a27b4094d216a9b4b3c5a",
    "packages": [
        {
            "name": "appsero/client",
            "version": "v1.2.1",
            "source": {
                "type": "git",
                "url": "https://github.com/Appsero/client.git",
                "reference": "d110c537f4ca92ac7f3398eee67cc6bdf506a4fb"
            },
            "dist": {
                "type": "zip",
                "url": "https://api.github.com/repos/Appsero/client/zipball/d110c537f4ca92ac7f3398eee67cc6bdf506a4fb",
                "reference": "d110c537f4ca92ac7f3398eee67cc6bdf506a4fb",
                "shasum": ""
            },
            "require": {
                "php": ">=5.3"
            },
            "type": "library",
            "autoload": {
                "psr-4": {
                    "Appsero\\": "src/"
                }
            },
            "notification-url": "https://packagist.org/downloads/",
            "license": [
                "MIT"
            ],
            "authors": [
                {
                    "name": "Tareq Hasan",
                    "email": "tareq@appsero.com"
                }
            ],
            "description": "Appsero Client",
            "keywords": [
                "analytics",
                "plugin",
                "theme",
                "wordpress"
            ],
            "support": {
                "issues": "https://github.com/Appsero/client/issues",
                "source": "https://github.com/Appsero/client/tree/v1.2.1"
            },
            "time": "2022-06-30T12:01:38+00:00"
        },
        {
            "name": "ashhitch/wp-graphql-yoast-seo",
            "version": "v4.22.2",
            "source": {
                "type": "git",
                "url": "https://github.com/ashhitch/wp-graphql-yoast-seo.git",
                "reference": "c2d394c4d6ff5fd8d092894382531c9a2b829bbb"
            },
            "dist": {
                "type": "zip",
                "url": "https://api.github.com/repos/ashhitch/wp-graphql-yoast-seo/zipball/c2d394c4d6ff5fd8d092894382531c9a2b829bbb",
                "reference": "c2d394c4d6ff5fd8d092894382531c9a2b829bbb",
                "shasum": ""
            },
            "require": {
                "phpcompatibility/phpcompatibility-wp": "^2.1"
            },
            "require-dev": {
                "automattic/vipwpcs": "^2.2",
                "dealerdirect/phpcodesniffer-composer-installer": "^0.7.0",
                "squizlabs/php_codesniffer": "^3.5"
            },
            "suggest": {
                "wp-graphql/wp-graphql": "Required to return data via GraphQl",
                "yoast/wordpress-seo": "Required to provide SEO data to this plugin"
            },
            "type": "wordpress-plugin",
            "notification-url": "https://packagist.org/downloads/",
            "license": [
                "GPL-3.0-or-later"
            ],
            "authors": [
                {
                    "name": "Ash Hitchcock",
                    "email": "hello@ashleyhitchcock.co.uk"
                }
            ],
            "description": "Query Yoast SEO data with wp-graphql",
            "support": {
                "issues": "https://github.com/ashhitch/wp-graphql-yoast-seo/issues",
                "source": "https://github.com/ashhitch/wp-graphql-yoast-seo/tree/v4.22.2"
            },
            "funding": [
                {
                    "url": "https://www.buymeacoffee.com/hafowuvo",
                    "type": "custom"
                },
                {
                    "url": "https://github.com/ashhitch",
                    "type": "github"
                }
            ],
            "time": "2023-04-17T16:45:43+00:00"
        },
        {
            "name": "composer/installers",
            "version": "v1.12.0",
            "source": {
                "type": "git",
                "url": "https://github.com/composer/installers.git",
                "reference": "d20a64ed3c94748397ff5973488761b22f6d3f19"
            },
            "dist": {
                "type": "zip",
                "url": "https://api.github.com/repos/composer/installers/zipball/d20a64ed3c94748397ff5973488761b22f6d3f19",
                "reference": "d20a64ed3c94748397ff5973488761b22f6d3f19",
                "shasum": ""
            },
            "require": {
                "composer-plugin-api": "^1.0 || ^2.0"
            },
            "replace": {
                "roundcube/plugin-installer": "*",
                "shama/baton": "*"
            },
            "require-dev": {
                "composer/composer": "1.6.* || ^2.0",
                "composer/semver": "^1 || ^3",
                "phpstan/phpstan": "^0.12.55",
                "phpstan/phpstan-phpunit": "^0.12.16",
                "symfony/phpunit-bridge": "^4.2 || ^5",
                "symfony/process": "^2.3"
            },
            "type": "composer-plugin",
            "extra": {
                "class": "Composer\\Installers\\Plugin",
                "branch-alias": {
                    "dev-main": "1.x-dev"
                }
            },
            "autoload": {
                "psr-4": {
                    "Composer\\Installers\\": "src/Composer/Installers"
                }
            },
            "notification-url": "https://packagist.org/downloads/",
            "license": [
                "MIT"
            ],
            "authors": [
                {
                    "name": "Kyle Robinson Young",
                    "email": "kyle@dontkry.com",
                    "homepage": "https://github.com/shama"
                }
            ],
            "description": "A multi-framework Composer library installer",
            "homepage": "https://composer.github.io/installers/",
            "keywords": [
                "Craft",
                "Dolibarr",
                "Eliasis",
                "Hurad",
                "ImageCMS",
                "Kanboard",
                "Lan Management System",
                "MODX Evo",
                "MantisBT",
                "Mautic",
                "Maya",
                "OXID",
                "Plentymarkets",
                "Porto",
                "RadPHP",
                "SMF",
                "Starbug",
                "Thelia",
                "Whmcs",
                "WolfCMS",
                "agl",
                "aimeos",
                "annotatecms",
                "attogram",
                "bitrix",
                "cakephp",
                "chef",
                "cockpit",
                "codeigniter",
                "concrete5",
                "croogo",
                "dokuwiki",
                "drupal",
                "eZ Platform",
                "elgg",
                "expressionengine",
                "fuelphp",
                "grav",
                "installer",
                "itop",
                "joomla",
                "known",
                "kohana",
                "laravel",
                "lavalite",
                "lithium",
                "magento",
                "majima",
                "mako",
                "mediawiki",
                "miaoxing",
                "modulework",
                "modx",
                "moodle",
                "osclass",
                "pantheon",
                "phpbb",
                "piwik",
                "ppi",
                "processwire",
                "puppet",
                "pxcms",
                "reindex",
                "roundcube",
                "shopware",
                "silverstripe",
                "sydes",
                "sylius",
                "symfony",
                "tastyigniter",
                "typo3",
                "wordpress",
                "yawik",
                "zend",
                "zikula"
            ],
            "support": {
                "issues": "https://github.com/composer/installers/issues",
                "source": "https://github.com/composer/installers/tree/v1.12.0"
            },
            "funding": [
                {
                    "url": "https://packagist.com",
                    "type": "custom"
                },
                {
                    "url": "https://github.com/composer",
                    "type": "github"
                },
                {
                    "url": "https://tidelift.com/funding/github/packagist/composer/composer",
                    "type": "tidelift"
                }
            ],
            "time": "2021-09-13T08:19:44+00:00"
        },
        {
            "name": "firebase/php-jwt",
            "version": "v4.0.0",
            "source": {
                "type": "git",
                "url": "https://github.com/firebase/php-jwt.git",
                "reference": "dccf163dc8ed7ed6a00afc06c51ee5186a428d35"
            },
            "dist": {
                "type": "zip",
                "url": "https://api.github.com/repos/firebase/php-jwt/zipball/dccf163dc8ed7ed6a00afc06c51ee5186a428d35",
                "reference": "dccf163dc8ed7ed6a00afc06c51ee5186a428d35",
                "shasum": ""
            },
            "require": {
                "php": ">=5.3.0"
            },
            "type": "library",
            "autoload": {
                "psr-4": {
                    "Firebase\\JWT\\": "src"
                }
            },
            "notification-url": "https://packagist.org/downloads/",
            "license": [
                "BSD-3-Clause"
            ],
            "authors": [
                {
                    "name": "Neuman Vong",
                    "email": "neuman+pear@twilio.com",
                    "role": "Developer"
                },
                {
                    "name": "Anant Narayanan",
                    "email": "anant@php.net",
                    "role": "Developer"
                }
            ],
            "description": "A simple library to encode and decode JSON Web Tokens (JWT) in PHP. Should conform to the current spec.",
            "homepage": "https://github.com/firebase/php-jwt",
            "support": {
                "issues": "https://github.com/firebase/php-jwt/issues",
                "source": "https://github.com/firebase/php-jwt/tree/v4.0.0"
            },
            "time": "2016-07-18T04:51:16+00:00"
        },
        {
            "name": "imranhsayed/headless-cms",
            "version": "1.7.0",
            "source": {
                "type": "git",
                "url": "https://github.com/imranhsayed/headless-cms.git",
                "reference": "25e10c1bc8e8acb199a28aa94b79f312ac8b7aff"
            },
            "dist": {
                "type": "zip",
                "url": "https://api.github.com/repos/imranhsayed/headless-cms/zipball/25e10c1bc8e8acb199a28aa94b79f312ac8b7aff",
                "reference": "25e10c1bc8e8acb199a28aa94b79f312ac8b7aff",
                "shasum": ""
            },
            "require": {
                "php": ">=5.4.0"
            },
            "type": "wordpress-plugin",
            "notification-url": "https://packagist.org/downloads/",
            "license": [
                "GPL-3.0+"
            ],
            "authors": [
                {
                    "name": "Imran Sayed",
                    "email": "codeytek.academy@gmail.com"
                }
            ],
            "description": "A WordPress plugin that adds features to use WordPress as a headless CMS with any front-end environment using REST API",
            "homepage": "https://github.com/imranhsayed/headless-cms",
            "keywords": [
                "plugin",
                "wordpress"
            ],
            "support": {
                "issues": "https://github.com/imranhsayed/headless-cms/issues",
                "source": "https://github.com/imranhsayed/headless-cms/tree/1.7.0"
            },
            "time": "2021-04-25T19:08:07+00:00"
        },
        {
            "name": "ivome/graphql-relay-php",
            "version": "v0.6.0",
            "source": {
                "type": "git",
                "url": "https://github.com/ivome/graphql-relay-php.git",
                "reference": "7055fd45b7e552cee4d1290849b84294b0049373"
            },
            "dist": {
                "type": "zip",
                "url": "https://api.github.com/repos/ivome/graphql-relay-php/zipball/7055fd45b7e552cee4d1290849b84294b0049373",
                "reference": "7055fd45b7e552cee4d1290849b84294b0049373",
                "shasum": ""
            },
            "require": {
                "php": "^7.1 || ^8.0",
                "webonyx/graphql-php": "^14.0"
            },
            "require-dev": {
                "phpunit/phpunit": "^7.5 || ^8.5 || ^9.5",
                "satooshi/php-coveralls": "~1.0"
            },
            "type": "library",
            "autoload": {
                "classmap": [
                    "src/"
                ]
            },
            "notification-url": "https://packagist.org/downloads/",
            "license": [
                "BSD-3-Clause"
            ],
            "description": "A PHP port of GraphQL Relay reference implementation",
            "homepage": "https://github.com/ivome/graphql-relay-php",
            "keywords": [
                "Relay",
                "api",
                "graphql"
            ],
            "support": {
                "issues": "https://github.com/ivome/graphql-relay-php/issues",
                "source": "https://github.com/ivome/graphql-relay-php/tree/v0.6.0"
            },
            "time": "2021-04-24T19:31:29+00:00"
        },
        {
            "name": "opis/json-schema",
            "version": "1.1.0",
            "source": {
                "type": "git",
                "url": "https://github.com/opis/json-schema.git",
                "reference": "39d8072be8657a329a284339994401066406c43b"
            },
            "dist": {
                "type": "zip",
                "url": "https://api.github.com/repos/opis/json-schema/zipball/39d8072be8657a329a284339994401066406c43b",
                "reference": "39d8072be8657a329a284339994401066406c43b",
                "shasum": ""
            },
            "require": {
                "php": ">=7.0"
            },
            "require-dev": {
                "ext-bcmath": "*",
                "ext-intl": "*",
                "ext-json": "*",
                "ext-mbstring": "*",
                "opis/string": "^1.4",
                "phpunit/phpunit": "^6.5 || ^7.0 || ^9.4"
            },
            "suggest": {
                "opis/string": "A standalone library for manipulating multibyte strings"
            },
            "type": "library",
            "extra": {
                "branch-alias": {
                    "dev-master": "1.0.x-dev"
                }
            },
            "autoload": {
                "psr-4": {
                    "Opis\\JsonSchema\\": "src/"
                }
            },
            "notification-url": "https://packagist.org/downloads/",
            "license": [
                "Apache-2.0"
            ],
            "authors": [
                {
                    "name": "Sorin Sarca",
                    "email": "sarca_sorin@hotmail.com"
                },
                {
                    "name": "Marius Sarca",
                    "email": "marius.sarca@gmail.com"
                }
            ],
            "description": "Json Schema Validator",
            "homepage": "http://www.opis.io/json-schema",
            "keywords": [
                "json",
                "schema",
                "validation",
                "validator"
            ],
            "support": {
                "issues": "https://github.com/opis/json-schema/issues",
                "source": "https://github.com/opis/json-schema/tree/1.1.0"
            },
            "time": "2021-04-14T20:02:50+00:00"
        },
        {
            "name": "phpcompatibility/php-compatibility",
            "version": "9.3.5",
            "source": {
                "type": "git",
                "url": "https://github.com/PHPCompatibility/PHPCompatibility.git",
                "reference": "9fb324479acf6f39452e0655d2429cc0d3914243"
            },
            "dist": {
                "type": "zip",
                "url": "https://api.github.com/repos/PHPCompatibility/PHPCompatibility/zipball/9fb324479acf6f39452e0655d2429cc0d3914243",
                "reference": "9fb324479acf6f39452e0655d2429cc0d3914243",
                "shasum": ""
            },
            "require": {
                "php": ">=5.3",
                "squizlabs/php_codesniffer": "^2.3 || ^3.0.2"
            },
            "conflict": {
                "squizlabs/php_codesniffer": "2.6.2"
            },
            "require-dev": {
                "phpunit/phpunit": "~4.5 || ^5.0 || ^6.0 || ^7.0"
            },
            "suggest": {
                "dealerdirect/phpcodesniffer-composer-installer": "^0.5 || This Composer plugin will sort out the PHPCS 'installed_paths' automatically.",
                "roave/security-advisories": "dev-master || Helps prevent installing dependencies with known security issues."
            },
            "type": "phpcodesniffer-standard",
            "notification-url": "https://packagist.org/downloads/",
            "license": [
                "LGPL-3.0-or-later"
            ],
            "authors": [
                {
                    "name": "Wim Godden",
                    "homepage": "https://github.com/wimg",
                    "role": "lead"
                },
                {
                    "name": "Juliette Reinders Folmer",
                    "homepage": "https://github.com/jrfnl",
                    "role": "lead"
                },
                {
                    "name": "Contributors",
                    "homepage": "https://github.com/PHPCompatibility/PHPCompatibility/graphs/contributors"
                }
            ],
            "description": "A set of sniffs for PHP_CodeSniffer that checks for PHP cross-version compatibility.",
            "homepage": "http://techblog.wimgodden.be/tag/codesniffer/",
            "keywords": [
                "compatibility",
                "phpcs",
                "standards"
            ],
            "support": {
                "issues": "https://github.com/PHPCompatibility/PHPCompatibility/issues",
                "source": "https://github.com/PHPCompatibility/PHPCompatibility"
            },
            "time": "2019-12-27T09:44:58+00:00"
        },
        {
            "name": "phpcompatibility/phpcompatibility-paragonie",
            "version": "1.3.2",
            "source": {
                "type": "git",
                "url": "https://github.com/PHPCompatibility/PHPCompatibilityParagonie.git",
                "reference": "bba5a9dfec7fcfbd679cfaf611d86b4d3759da26"
            },
            "dist": {
                "type": "zip",
                "url": "https://api.github.com/repos/PHPCompatibility/PHPCompatibilityParagonie/zipball/bba5a9dfec7fcfbd679cfaf611d86b4d3759da26",
                "reference": "bba5a9dfec7fcfbd679cfaf611d86b4d3759da26",
                "shasum": ""
            },
            "require": {
                "phpcompatibility/php-compatibility": "^9.0"
            },
            "require-dev": {
                "dealerdirect/phpcodesniffer-composer-installer": "^0.7",
                "paragonie/random_compat": "dev-master",
                "paragonie/sodium_compat": "dev-master"
            },
            "suggest": {
                "dealerdirect/phpcodesniffer-composer-installer": "^0.7 || This Composer plugin will sort out the PHP_CodeSniffer 'installed_paths' automatically.",
                "roave/security-advisories": "dev-master || Helps prevent installing dependencies with known security issues."
            },
            "type": "phpcodesniffer-standard",
            "notification-url": "https://packagist.org/downloads/",
            "license": [
                "LGPL-3.0-or-later"
            ],
            "authors": [
                {
                    "name": "Wim Godden",
                    "role": "lead"
                },
                {
                    "name": "Juliette Reinders Folmer",
                    "role": "lead"
                }
            ],
            "description": "A set of rulesets for PHP_CodeSniffer to check for PHP cross-version compatibility issues in projects, while accounting for polyfills provided by the Paragonie polyfill libraries.",
            "homepage": "http://phpcompatibility.com/",
            "keywords": [
                "compatibility",
                "paragonie",
                "phpcs",
                "polyfill",
                "standards",
                "static analysis"
            ],
            "support": {
                "issues": "https://github.com/PHPCompatibility/PHPCompatibilityParagonie/issues",
                "source": "https://github.com/PHPCompatibility/PHPCompatibilityParagonie"
            },
            "time": "2022-10-25T01:46:02+00:00"
        },
        {
            "name": "phpcompatibility/phpcompatibility-wp",
            "version": "2.1.4",
            "source": {
                "type": "git",
                "url": "https://github.com/PHPCompatibility/PHPCompatibilityWP.git",
                "reference": "b6c1e3ee1c35de6c41a511d5eb9bd03e447480a5"
            },
            "dist": {
                "type": "zip",
                "url": "https://api.github.com/repos/PHPCompatibility/PHPCompatibilityWP/zipball/b6c1e3ee1c35de6c41a511d5eb9bd03e447480a5",
                "reference": "b6c1e3ee1c35de6c41a511d5eb9bd03e447480a5",
                "shasum": ""
            },
            "require": {
                "phpcompatibility/php-compatibility": "^9.0",
                "phpcompatibility/phpcompatibility-paragonie": "^1.0"
            },
            "require-dev": {
                "dealerdirect/phpcodesniffer-composer-installer": "^0.7"
            },
            "suggest": {
                "dealerdirect/phpcodesniffer-composer-installer": "^0.7 || This Composer plugin will sort out the PHP_CodeSniffer 'installed_paths' automatically.",
                "roave/security-advisories": "dev-master || Helps prevent installing dependencies with known security issues."
            },
            "type": "phpcodesniffer-standard",
            "notification-url": "https://packagist.org/downloads/",
            "license": [
                "LGPL-3.0-or-later"
            ],
            "authors": [
                {
                    "name": "Wim Godden",
                    "role": "lead"
                },
                {
                    "name": "Juliette Reinders Folmer",
                    "role": "lead"
                }
            ],
            "description": "A ruleset for PHP_CodeSniffer to check for PHP cross-version compatibility issues in projects, while accounting for polyfills provided by WordPress.",
            "homepage": "http://phpcompatibility.com/",
            "keywords": [
                "compatibility",
                "phpcs",
                "standards",
                "static analysis",
                "wordpress"
            ],
            "support": {
                "issues": "https://github.com/PHPCompatibility/PHPCompatibilityWP/issues",
                "source": "https://github.com/PHPCompatibility/PHPCompatibilityWP"
            },
            "time": "2022-10-24T09:00:36+00:00"
        },
        {
            "name": "pristas-peter/wp-graphql-gutenberg",
            "version": "v0.3.7",
            "source": {
                "type": "git",
                "url": "https://github.com/pristas-peter/wp-graphql-gutenberg.git",
                "reference": "bf0e9290ffab5b6189172fc9721bc644a51d651e"
            },
            "dist": {
                "type": "zip",
                "url": "https://api.github.com/repos/pristas-peter/wp-graphql-gutenberg/zipball/bf0e9290ffab5b6189172fc9721bc644a51d651e",
                "reference": "bf0e9290ffab5b6189172fc9721bc644a51d651e",
                "shasum": ""
            },
            "require": {
                "opis/json-schema": "^1.0",
                "voku/simple_html_dom": "4.7.17"
            },
            "require-dev": {
                "dealerdirect/phpcodesniffer-composer-installer": "0.5.0",
                "phpcompatibility/phpcompatibility-wp": "2.1.0",
                "squizlabs/php_codesniffer": "3.5.4",
                "wp-coding-standards/wpcs": "2.1.1"
            },
            "type": "wordpress-plugin",
            "autoload": {
                "psr-4": {
                    "WPGraphqlGutenberg\\": "src/"
                },
                "classmap": [
                    "src/"
                ]
            },
            "notification-url": "https://packagist.org/downloads/",
            "description": "Query gutenberg blocks with wp-graphql",
            "support": {
                "issues": "https://github.com/pristas-peter/wp-graphql-gutenberg/issues",
                "source": "https://github.com/pristas-peter/wp-graphql-gutenberg/tree/v0.3.7"
            },
            "time": "2021-01-18T05:47:03+00:00"
        },
        {
            "name": "squizlabs/php_codesniffer",
            "version": "3.7.2",
            "source": {
                "type": "git",
                "url": "https://github.com/squizlabs/PHP_CodeSniffer.git",
                "reference": "ed8e00df0a83aa96acf703f8c2979ff33341f879"
            },
            "dist": {
                "type": "zip",
                "url": "https://api.github.com/repos/squizlabs/PHP_CodeSniffer/zipball/ed8e00df0a83aa96acf703f8c2979ff33341f879",
                "reference": "ed8e00df0a83aa96acf703f8c2979ff33341f879",
                "shasum": ""
            },
            "require": {
                "ext-simplexml": "*",
                "ext-tokenizer": "*",
                "ext-xmlwriter": "*",
                "php": ">=5.4.0"
            },
            "require-dev": {
                "phpunit/phpunit": "^4.0 || ^5.0 || ^6.0 || ^7.0"
            },
            "bin": [
                "bin/phpcs",
                "bin/phpcbf"
            ],
            "type": "library",
            "extra": {
                "branch-alias": {
                    "dev-master": "3.x-dev"
                }
            },
            "notification-url": "https://packagist.org/downloads/",
            "license": [
                "BSD-3-Clause"
            ],
            "authors": [
                {
                    "name": "Greg Sherwood",
                    "role": "lead"
                }
            ],
            "description": "PHP_CodeSniffer tokenizes PHP, JavaScript and CSS files and detects violations of a defined set of coding standards.",
            "homepage": "https://github.com/squizlabs/PHP_CodeSniffer",
            "keywords": [
                "phpcs",
                "standards",
                "static analysis"
            ],
            "support": {
                "issues": "https://github.com/squizlabs/PHP_CodeSniffer/issues",
                "source": "https://github.com/squizlabs/PHP_CodeSniffer",
                "wiki": "https://github.com/squizlabs/PHP_CodeSniffer/wiki"
            },
            "time": "2023-02-22T23:07:41+00:00"
        },
        {
            "name": "symfony/css-selector",
            "version": "v5.4.21",
            "source": {
                "type": "git",
                "url": "https://github.com/symfony/css-selector.git",
                "reference": "95f3c7468db1da8cc360b24fa2a26e7cefcb355d"
            },
            "dist": {
                "type": "zip",
                "url": "https://api.github.com/repos/symfony/css-selector/zipball/95f3c7468db1da8cc360b24fa2a26e7cefcb355d",
                "reference": "95f3c7468db1da8cc360b24fa2a26e7cefcb355d",
                "shasum": ""
            },
            "require": {
                "php": ">=7.2.5",
                "symfony/polyfill-php80": "^1.16"
            },
            "type": "library",
            "autoload": {
                "psr-4": {
                    "Symfony\\Component\\CssSelector\\": ""
                },
                "exclude-from-classmap": [
                    "/Tests/"
                ]
            },
            "notification-url": "https://packagist.org/downloads/",
            "license": [
                "MIT"
            ],
            "authors": [
                {
                    "name": "Fabien Potencier",
                    "email": "fabien@symfony.com"
                },
                {
                    "name": "Jean-François Simon",
                    "email": "jeanfrancois.simon@sensiolabs.com"
                },
                {
                    "name": "Symfony Community",
                    "homepage": "https://symfony.com/contributors"
                }
            ],
            "description": "Converts CSS selectors to XPath expressions",
            "homepage": "https://symfony.com",
            "support": {
                "source": "https://github.com/symfony/css-selector/tree/v5.4.21"
            },
            "funding": [
                {
                    "url": "https://symfony.com/sponsor",
                    "type": "custom"
                },
                {
                    "url": "https://github.com/fabpot",
                    "type": "github"
                },
                {
                    "url": "https://tidelift.com/funding/github/packagist/symfony/symfony",
                    "type": "tidelift"
                }
            ],
            "time": "2023-02-14T08:03:56+00:00"
        },
        {
            "name": "symfony/polyfill-php80",
            "version": "v1.27.0",
            "source": {
                "type": "git",
                "url": "https://github.com/symfony/polyfill-php80.git",
                "reference": "7a6ff3f1959bb01aefccb463a0f2cd3d3d2fd936"
            },
            "dist": {
                "type": "zip",
                "url": "https://api.github.com/repos/symfony/polyfill-php80/zipball/7a6ff3f1959bb01aefccb463a0f2cd3d3d2fd936",
                "reference": "7a6ff3f1959bb01aefccb463a0f2cd3d3d2fd936",
                "shasum": ""
            },
            "require": {
                "php": ">=7.1"
            },
            "type": "library",
            "extra": {
                "branch-alias": {
                    "dev-main": "1.27-dev"
                },
                "thanks": {
                    "name": "symfony/polyfill",
                    "url": "https://github.com/symfony/polyfill"
                }
            },
            "autoload": {
                "files": [
                    "bootstrap.php"
                ],
                "psr-4": {
                    "Symfony\\Polyfill\\Php80\\": ""
                },
                "classmap": [
                    "Resources/stubs"
                ]
            },
            "notification-url": "https://packagist.org/downloads/",
            "license": [
                "MIT"
            ],
            "authors": [
                {
                    "name": "Ion Bazan",
                    "email": "ion.bazan@gmail.com"
                },
                {
                    "name": "Nicolas Grekas",
                    "email": "p@tchwork.com"
                },
                {
                    "name": "Symfony Community",
                    "homepage": "https://symfony.com/contributors"
                }
            ],
            "description": "Symfony polyfill backporting some PHP 8.0+ features to lower PHP versions",
            "homepage": "https://symfony.com",
            "keywords": [
                "compatibility",
                "polyfill",
                "portable",
                "shim"
            ],
            "support": {
                "source": "https://github.com/symfony/polyfill-php80/tree/v1.27.0"
            },
            "funding": [
                {
                    "url": "https://symfony.com/sponsor",
                    "type": "custom"
                },
                {
                    "url": "https://github.com/fabpot",
                    "type": "github"
                },
                {
                    "url": "https://tidelift.com/funding/github/packagist/symfony/symfony",
                    "type": "tidelift"
                }
            ],
            "time": "2022-11-03T14:55:06+00:00"
        },
        {
            "name": "valu/wp-graphql-offset-pagination",
            "version": "v0.2.0",
            "source": {
                "type": "git",
                "url": "https://github.com/valu-digital/wp-graphql-offset-pagination.git",
                "reference": "e32b594d40a8974e1c6a82686bd8657699b04be6"
            },
            "dist": {
                "type": "zip",
                "url": "https://api.github.com/repos/valu-digital/wp-graphql-offset-pagination/zipball/e32b594d40a8974e1c6a82686bd8657699b04be6",
                "reference": "e32b594d40a8974e1c6a82686bd8657699b04be6",
                "shasum": ""
            },
            "require-dev": {
                "codeception/module-asserts": "^1.0",
                "codeception/module-cli": "^1.0",
                "codeception/module-db": "^1.0",
                "codeception/module-filesystem": "^1.0",
                "codeception/module-phpbrowser": "^1.0",
                "codeception/module-rest": "^1.0",
                "codeception/module-webdriver": "^1.0",
                "codeception/util-universalframework": "^1.0",
                "lucatume/wp-browser": "^2.2",
                "phpunit/phpunit": "^8.0",
                "valu/wp-testing-tools": "^0.4.0"
            },
            "type": "wordpress-plugin",
            "autoload": {
                "psr-4": {
                    "WPGraphQL\\Extensions\\OffsetPagination\\": "src/"
                }
            },
            "notification-url": "https://packagist.org/downloads/",
            "license": [
                "GPL-2.0-or-later"
            ],
            "authors": [
                {
                    "name": "Esa-Matti Suuronen",
                    "email": "esa-matti.suuronen@valu.fi",
                    "role": "developer"
                }
            ],
            "description": "Add offset pagination to wp-graphql",
            "support": {
                "issues": "https://github.com/valu-digital/wp-graphql-offset-pagination/issues",
                "source": "https://github.com/valu-digital/wp-graphql-offset-pagination"
            },
            "time": "2020-05-06T07:36:57+00:00"
        },
        {
            "name": "voku/simple_html_dom",
            "version": "4.7.17",
            "source": {
                "type": "git",
                "url": "https://github.com/voku/simple_html_dom.git",
                "reference": "804aca422f1fe0104b1320ca09fd06cd0062782c"
            },
            "dist": {
                "type": "zip",
                "url": "https://api.github.com/repos/voku/simple_html_dom/zipball/804aca422f1fe0104b1320ca09fd06cd0062782c",
                "reference": "804aca422f1fe0104b1320ca09fd06cd0062782c",
                "shasum": ""
            },
            "require": {
                "ext-dom": "*",
                "ext-libxml": "*",
                "ext-simplexml": "*",
                "php": ">=7.0.0",
                "symfony/css-selector": "~3.0 || ~4.0 || ~5.0"
            },
            "require-dev": {
                "phpunit/phpunit": "~6.0 || ~7.0"
            },
            "suggest": {
                "voku/portable-utf8": "If you need e.g. UTF-8 fixed output."
            },
            "type": "library",
            "autoload": {
                "psr-4": {
                    "voku\\helper\\": "src/voku/helper/"
                }
            },
            "notification-url": "https://packagist.org/downloads/",
            "license": [
                "MIT"
            ],
            "authors": [
                {
                    "name": "dimabdc",
                    "email": "support@titor.ru",
                    "homepage": "http://github.com/dimabdc",
                    "role": "Developer"
                },
                {
                    "name": "Lars Moelleken",
                    "homepage": "http://www.moelleken.org/",
                    "role": "Developer"
                }
            ],
            "description": "Simple HTML DOM package.",
            "homepage": "http://simplehtmldom.sourceforge.net/",
            "keywords": [
                "HTML Parser",
                "dom",
                "php dom"
            ],
            "support": {
                "issues": "https://github.com/voku/simple_html_dom/issues",
                "source": "https://github.com/voku/simple_html_dom/tree/4.7.17"
            },
            "funding": [
                {
                    "url": "https://www.paypal.me/moelleken",
                    "type": "custom"
                },
                {
                    "url": "https://github.com/voku",
                    "type": "github"
                },
                {
                    "url": "https://www.patreon.com/voku",
                    "type": "patreon"
                },
                {
                    "url": "https://tidelift.com/funding/github/packagist/voku/simple_html_dom",
                    "type": "tidelift"
                }
            ],
            "time": "2020-04-09T21:20:43+00:00"
        },
        {
            "name": "webonyx/graphql-php",
            "version": "v14.9.0",
            "source": {
                "type": "git",
                "url": "https://github.com/webonyx/graphql-php.git",
                "reference": "36b83621deb5eae354347a2e86dc7aec81b32a82"
            },
            "dist": {
                "type": "zip",
                "url": "https://api.github.com/repos/webonyx/graphql-php/zipball/36b83621deb5eae354347a2e86dc7aec81b32a82",
                "reference": "36b83621deb5eae354347a2e86dc7aec81b32a82",
                "shasum": ""
            },
            "require": {
                "ext-json": "*",
                "ext-mbstring": "*",
                "php": "^7.1||^8.0"
            },
            "require-dev": {
                "amphp/amp": "^2.3",
                "doctrine/coding-standard": "^6.0",
                "nyholm/psr7": "^1.2",
                "phpbench/phpbench": "^0.16.10",
                "phpstan/extension-installer": "^1.0",
                "phpstan/phpstan": "0.12.82",
                "phpstan/phpstan-phpunit": "0.12.18",
                "phpstan/phpstan-strict-rules": "0.12.9",
                "phpunit/phpunit": "^7.2|^8.5",
                "psr/http-message": "^1.0",
                "react/promise": "2.*",
                "simpod/php-coveralls-mirror": "^3.0",
                "squizlabs/php_codesniffer": "3.5.4"
            },
            "suggest": {
                "psr/http-message": "To use standard GraphQL server",
                "react/promise": "To leverage async resolving on React PHP platform"
            },
            "type": "library",
            "autoload": {
                "psr-4": {
                    "GraphQL\\": "src/"
                }
            },
            "notification-url": "https://packagist.org/downloads/",
            "license": [
                "MIT"
            ],
            "description": "A PHP port of GraphQL reference implementation",
            "homepage": "https://github.com/webonyx/graphql-php",
            "keywords": [
                "api",
                "graphql"
            ],
            "support": {
                "issues": "https://github.com/webonyx/graphql-php/issues",
                "source": "https://github.com/webonyx/graphql-php/tree/v14.9.0"
            },
            "funding": [
                {
                    "url": "https://opencollective.com/webonyx-graphql-php",
                    "type": "open_collective"
                }
            ],
            "time": "2021-06-15T16:14:17+00:00"
        },
        {
            "name": "wp-graphql/wp-graphql",
            "version": "v1.14.3",
            "source": {
                "type": "git",
                "url": "https://github.com/wp-graphql/wp-graphql.git",
                "reference": "e37f2e06ded15647630a71c830d35c3f46f1d2b7"
            },
            "dist": {
                "type": "zip",
                "url": "https://api.github.com/repos/wp-graphql/wp-graphql/zipball/e37f2e06ded15647630a71c830d35c3f46f1d2b7",
                "reference": "e37f2e06ded15647630a71c830d35c3f46f1d2b7",
                "shasum": ""
            },
            "require": {
                "appsero/client": "1.2.1",
                "ivome/graphql-relay-php": "0.6.0",
                "php": "^7.1 || ^8.0",
                "webonyx/graphql-php": "14.9.0"
            },
            "require-dev": {
                "automattic/vipwpcs": "^2.2",
                "codeception/module-asserts": "^1.0",
                "codeception/module-cli": "^1.0",
                "codeception/module-db": "^1.0",
                "codeception/module-filesystem": "^1.0",
                "codeception/module-phpbrowser": "^1.0",
                "codeception/module-rest": "^1.2",
                "codeception/module-webdriver": "^1.0",
                "codeception/util-universalframework": "^1.0",
                "lucatume/wp-browser": "^3.1.6",
                "phpcompatibility/phpcompatibility-wp": "^2.1",
                "phpstan/extension-installer": "^1.1",
                "phpstan/phpstan": "~1.10.11",
                "phpunit/phpunit": "^9.5",
                "simpod/php-coveralls-mirror": "^3.0",
                "slevomat/coding-standard": "^8.9",
                "szepeviktor/phpstan-wordpress": "~1.2.0",
                "wp-graphql/wp-graphql-testcase": "~2.3"
            },
            "type": "wordpress-plugin",
            "autoload": {
                "files": [
                    "access-functions.php",
                    "activation.php",
                    "deactivation.php"
                ],
                "psr-4": {
                    "WPGraphQL\\": "src/"
                }
            },
            "notification-url": "https://packagist.org/downloads/",
            "license": [
                "GPL-3.0-or-later"
            ],
            "authors": [
                {
                    "name": "Jason Bahl",
                    "email": "jasonbahl@mac.com"
                },
                {
                    "name": "Edwin Cromley"
                },
                {
                    "name": "Ryan Kanner"
                },
                {
                    "name": "Hughie Devore"
                },
                {
                    "name": "Chris Zarate"
                }
            ],
            "description": "GraphQL API for WordPress",
            "support": {
                "issues": "https://github.com/wp-graphql/wp-graphql/issues",
                "source": "https://github.com/wp-graphql/wp-graphql/tree/v1.14.3"
            },
            "time": "2023-04-27T17:18:42+00:00"
        },
        {
            "name": "wp-graphql/wp-graphql-jwt-authentication",
            "version": "v0.4.0",
            "source": {
                "type": "git",
                "url": "https://github.com/wp-graphql/wp-graphql-jwt-authentication.git",
                "reference": "e65055dbd50ca928f466be2c0b7d3c33652694fa"
            },
            "dist": {
                "type": "zip",
                "url": "https://api.github.com/repos/wp-graphql/wp-graphql-jwt-authentication/zipball/e65055dbd50ca928f466be2c0b7d3c33652694fa",
                "reference": "e65055dbd50ca928f466be2c0b7d3c33652694fa",
                "shasum": ""
            },
            "require": {
                "firebase/php-jwt": "^4.0"
            },
            "require-dev": {
                "lucatume/wp-browser": ">=2.2.1 <2.2.8"
            },
            "type": "wordpress-plugin",
            "autoload": {
                "psr-4": {
                    "WPGraphQL\\JWT_Authentication\\": "src/"
                },
                "classmap": [
                    "src/"
                ]
            },
            "notification-url": "https://packagist.org/downloads/",
            "license": [
                "GPL-3.0+"
            ],
            "authors": [
                {
                    "name": "jasonbahl",
                    "email": "jasonbahl@mac.com"
                }
            ],
            "description": "JWT Authentication for WPGraphQL",
            "support": {
                "issues": "https://github.com/wp-graphql/wp-graphql-jwt-authentication/issues",
                "source": "https://github.com/wp-graphql/wp-graphql-jwt-authentication/tree/master"
            },
            "time": "2020-02-20T17:52:07+00:00"
        },
        {
            "name": "wpackagist-plugin/advanced-custom-fields",
            "version": "5.9.1",
            "source": {
                "type": "svn",
                "url": "https://plugins.svn.wordpress.org/advanced-custom-fields/",
                "reference": "tags/5.9.1"
            },
            "dist": {
                "type": "zip",
                "url": "https://downloads.wordpress.org/plugin/advanced-custom-fields.5.9.1.zip"
            },
            "require": {
                "composer/installers": "^1.0 || ^2.0"
            },
            "type": "wordpress-plugin",
            "homepage": "https://wordpress.org/plugins/advanced-custom-fields/"
        },
        {
            "name": "yoast/wordpress-seo",
            "version": "20.7",
            "source": {
                "type": "git",
                "url": "https://github.com/Yoast-dist/wordpress-seo.git",
                "reference": "d622c23fb04d7ad3cf03d497d6bf954406b139a4"
            },
            "dist": {
                "type": "zip",
                "url": "https://api.github.com/repos/Yoast-dist/wordpress-seo/zipball/d622c23fb04d7ad3cf03d497d6bf954406b139a4",
                "reference": "d622c23fb04d7ad3cf03d497d6bf954406b139a4",
                "shasum": ""
            },
            "require": {
                "composer/installers": "^1.12 || ^2.0",
                "php": "^7.2.5 || ^8.0"
            },
            "require-dev": {
                "guzzlehttp/guzzle": "6.5.8",
                "humbug/php-scoper": "^0.13.4",
                "league/oauth2-client": "2.6.1",
                "psr/container": "1.0.0",
                "psr/log": "^1.0",
                "symfony/config": "^3.4",
                "symfony/dependency-injection": "^3.4",
                "wordproof/wordpress-sdk": "1.3.2",
                "yoast/wp-test-utils": "^1.1.1",
                "yoast/yoastcs": "^2.3.1"
            },
            "type": "wordpress-plugin",
            "autoload": {
                "classmap": [
                    "admin/",
                    "inc/",
                    "vendor_prefixed/",
                    "src/",
                    "lib/"
                ]
            },
            "notification-url": "https://packagist.org/downloads/",
            "license": [
                "GPL-2.0-or-later"
            ],
            "authors": [
                {
                    "name": "Team Yoast",
                    "email": "support@yoast.com",
                    "homepage": "https://yoa.st/1--"
                }
            ],
            "description": "Improve your WordPress SEO: Write better content and have a fully optimized WordPress site using the Yoast SEO plugin.",
            "homepage": "https://yoa.st/1ui",
            "keywords": [
                "seo",
                "wordpress"
            ],
            "support": {
                "forum": "https://wordpress.org/support/plugin/wordpress-seo",
                "issues": "https://github.com/Yoast/wordpress-seo/issues",
                "source": "https://github.com/Yoast/wordpress-seo",
                "wiki": "https://github.com/Yoast/wordpress-seo/wiki"
            },
            "time": "2023-05-09T08:04:33+00:00"
        }
    ],
    "packages-dev": [],
    "aliases": [],
    "minimum-stability": "dev",
    "stability-flags": [],
    "prefer-stable": true,
    "prefer-lowest": false,
    "platform": [],
    "platform-dev": [],
    "plugin-api-version": "2.3.0"
}
